
Microsoft Visual Studio Solution File, Format Version 12.00
# Visual Studio Version 17
VisualStudioVersion = 17.9.34701.34
MinimumVisualStudioVersion = 10.0.40219.1
Project("{9A19103F-16F7-4668-BE54-9A1E7A4F7556}") = "AnimeList", "AnimeList\AnimeList.csproj", "{0A009744-6DAC-4A7F-AE16-1045C760F3C1}"
EndProject
Project("{2150E333-8FDC-42A3-9474-1A3956D46DE8}") = "Solution Items", "Solution Items", "{E51F87CE-6FBE-4ED9-AE3B-58FFB035A200}"
	ProjectSection(SolutionItems) = preProject
		.editorconfig = .editorconfig
	EndProjectSection
EndProject
Global
	GlobalSection(SolutionConfigurationPlatforms) = preSolution
		Debug|Any CPU = Debug|Any CPU
		Release|Any CPU = Release|Any CPU
	EndGlobalSection
	GlobalSection(ProjectConfigurationPlatforms) = postSolution
		{0A009744-6DAC-4A7F-AE16-1045C760F3C1}.Debug|Any CPU.ActiveCfg = Debug|Any CPU
		{0A009744-6DAC-4A7F-AE16-1045C760F3C1}.Debug|Any CPU.Build.0 = Debug|Any CPU
		{0A009744-6DAC-4A7F-AE16-1045C760F3C1}.Release|Any CPU.ActiveCfg = Release|Any CPU
		{0A009744-6DAC-4A7F-AE16-1045C760F3C1}.Release|Any CPU.Build.0 = Release|Any CPU
	EndGlobalSection
	GlobalSection(SolutionProperties) = preSolution
		HideSolutionNode = FALSE
	EndGlobalSection
	GlobalSection(ExtensibilityGlobals) = postSolution
		SolutionGuid = {EF46822D-8434-4E3F-B168-23A810739255}
	EndGlobalSection
EndGlobal
